%{"amnesia": {:git, "https://github.com/meh/amnesia.git", "63f6aef1888b15669f80b5e06af32d151f23e4ff", [tag: :master]},
  "bbmustache": {:hex, :bbmustache, "1.0.4"},
  "bitcask": {:git, "https://github.com/basho/bitcask.git", "fa139ea6e19cf3adf88ea1f7b6fbef8f4581f4fe", [tag: "2.0.1"]},
  "cbt": {:git, "https://github.com/benoitc/cbt.git", "3b3754c593ded5cac845cca9b9db7f34f05e881d", [tag: "1.2.2"]},
  "certifi": {:hex, :certifi, "0.3.0"},
  "cf": {:hex, :cf, "0.2.1"},
  "combine": {:hex, :combine, "0.7.0"},
  "conform": {:hex, :conform, "0.16.0"},
  "coverex": {:hex, :coverex, "1.4.8"},
  "cowboy": {:hex, :cowboy, "1.0.4"},
  "cowdb": {:git, "https://github.com/refuge/cowdb.git", "40d72119a59407c7dddc140443b518a90338e347", [tag: :master]},
  "cowlib": {:hex, :cowlib, "1.0.2"},
  "cuttlefish": {:git, "git://github.com/basho/cuttlefish.git", "9ff58304e3496dfc9644089cfa13f7c255614d9c", [tag: "2.0.5"]},
  "erlsom": {:git, "https://github.com/willemdj/erlsom.git", "1d3afda7ba3bedce66fbbd58c3fc7d087a921fd4", []},
  "erlware_commons": {:hex, :erlware_commons, "0.19.0"},
  "ex_bitcask": {:hex, :ex_bitcask, "0.1.0"},
  "exquisite": {:hex, :exquisite, "0.1.6"},
  "exrm": {:hex, :exrm, "1.0.2"},
  "getopt": {:hex, :getopt, "0.8.2"},
  "goldrush": {:git, "git://github.com/DeadZen/goldrush.git", "64864ba7fcf40988361340e48680b49a2c2938cf", [tag: "0.1.7"]},
  "hackney": {:hex, :hackney, "1.4.8"},
  "html_entities": {:hex, :html_entities, "0.2.2"},
  "httpoison": {:hex, :httpoison, "0.8.1"},
  "httpotion": {:hex, :httpotion, "2.1.0"},
  "ibrowse": {:git, "https://github.com/cmullaparthi/ibrowse.git", "ea3305d21f37eced4fac290f64b068e56df7de80", [tag: "v4.1.2"]},
  "idna": {:hex, :idna, "1.0.3"},
  "lager": {:git, "git://github.com/basho/lager.git", "f65dde85523b6aa6a259db1c93518187ae366515", [tag: "2.2.0"]},
  "meck": {:git, "git://github.com/basho/meck.git", "dde759050eff19a1a80fd854d7375174b191665d", [tag: "0.8.2"]},
  "mimerl": {:hex, :mimerl, "1.0.2"},
  "neotoma": {:hex, :neotoma, "1.7.3"},
  "plug": {:hex, :plug, "1.1.0"},
  "poison": {:hex, :poison, "2.1.0"},
  "providers": {:hex, :providers, "1.6.0"},
  "ranch": {:hex, :ranch, "1.2.1"},
  "relx": {:hex, :relx, "3.18.0"},
  "ssl_verify_hostname": {:hex, :ssl_verify_hostname, "1.0.5"},
  "sweet_xml": {:hex, :sweet_xml, "0.5.0"},
  "timex": {:hex, :timex, "1.0.0"},
  "tzdata": {:hex, :tzdata, "0.5.6"}}
